GIT
  remote: https://github.com/chefhippie/build
  ref: master
  sha: bb3f91d78915002778bd8ca812b7f560891c4ae5
  specs:
    build (0.0.1)

GIT
  remote: https://github.com/chefhippie/foreman
  ref: master
  sha: a26bff3fd4762f5661e2cf2ee4bea66842d9bb16
  specs:
    foreman (0.0.1)
      ruby (>= 0.0.0)

GIT
  remote: https://github.com/chefhippie/git
  ref: master
  sha: 46ab14f5902b2ba2b215247b13c596a006d2ed11
  specs:
    git (0.0.1)
      zypper (>= 0.0.0)

GIT
  remote: https://github.com/chefhippie/hosts
  ref: master
  sha: 759fa4f8fab53ab17fb8546a52d919d1b59b1f9e
  specs:
    hosts (0.0.1)

GIT
  remote: https://github.com/chefhippie/locales
  ref: master
  sha: 156782ab79ac7dfeba203ca42c5878c70903c7dd
  specs:
    locales (0.0.1)

GIT
  remote: https://github.com/chefhippie/openssh
  ref: master
  sha: 2f2384cf0b8898af68df566e6fa28a94b9585d76
  specs:
    openssh (0.0.1)

GIT
  remote: https://github.com/chefhippie/ruby
  ref: master
  sha: e0453915a9263686bcc97b7ef5705e5cc6c4635e
  specs:
    ruby (0.0.1)
      zypper (>= 0.0.0)

GIT
  remote: https://github.com/chefhippie/sshkey
  ref: master
  sha: 23570fb68ce0ac64b7ffed0d81379289a3069e0f
  specs:
    sshkey (0.0.1)

GIT
  remote: https://github.com/chefhippie/sudo
  ref: master
  sha: 4879184c49670fdd980584ba50137e09f0900644
  specs:
    sudo (0.0.1)

GIT
  remote: https://github.com/chefhippie/timezone
  ref: master
  sha: 07dba21297b67bd36723a7282ef4dbb0c1ae71d6
  specs:
    timezone (0.0.1)

GIT
  remote: https://github.com/chefhippie/zypper
  ref: master
  sha: cec864544b1b9814e9bb90cb9453e4f46293a64d
  specs:
    zypper (0.0.1)

GIT
  remote: https://github.com/krig/ntp
  ref: master
  sha: 40fe32c2a61b277e864c88d296f6cded996839c0
  specs:
    ntp (0.0.1)

DEPENDENCIES
  build (>= 0)
  foreman (>= 0)
  git (>= 0)
  hosts (>= 0)
  locales (>= 0)
  ntp (>= 0)
  openssh (>= 0)
  ruby (>= 0)
  sshkey (>= 0)
  sudo (>= 0)
  timezone (>= 0)
  zypper (>= 0)

